
Microsoft Visual Studio Solution File, Format Version 12.00
# Visual Studio Version 17
VisualStudioVersion = 17.0.31903.59
MinimumVisualStudioVersion = 10.0.40219.1
Project("{FAE04EC0-301F-11D3-BF4B-00C04F79EFBC}") = "Grpc.Client", "Grpc.Client\Grpc.Client.csproj", "{6CD13C31-A16D-4F29-ACF1-2212FA7BA4E5}"
EndProject
Project("{FAE04EC0-301F-11D3-BF4B-00C04F79EFBC}") = "Grpc.Server", "Grpc.Server\Grpc.Server.csproj", "{9B52C42F-08DF-4DFB-8FE6-8F11D9B150BE}"
EndProject
Global
	GlobalSection(SolutionConfigurationPlatforms) = preSolution
		Debug|Any CPU = Debug|Any CPU
		Release|Any CPU = Release|Any CPU
	EndGlobalSection
	GlobalSection(SolutionProperties) = preSolution
		HideSolutionNode = FALSE
	EndGlobalSection
	GlobalSection(ProjectConfigurationPlatforms) = postSolution
		{6CD13C31-A16D-4F29-ACF1-2212FA7BA4E5}.Debug|Any CPU.ActiveCfg = Debug|Any CPU
		{6CD13C31-A16D-4F29-ACF1-2212FA7BA4E5}.Debug|Any CPU.Build.0 = Debug|Any CPU
		{6CD13C31-A16D-4F29-ACF1-2212FA7BA4E5}.Release|Any CPU.ActiveCfg = Release|Any CPU
		{6CD13C31-A16D-4F29-ACF1-2212FA7BA4E5}.Release|Any CPU.Build.0 = Release|Any CPU
		{9B52C42F-08DF-4DFB-8FE6-8F11D9B150BE}.Debug|Any CPU.ActiveCfg = Debug|Any CPU
		{9B52C42F-08DF-4DFB-8FE6-8F11D9B150BE}.Debug|Any CPU.Build.0 = Debug|Any CPU
		{9B52C42F-08DF-4DFB-8FE6-8F11D9B150BE}.Release|Any CPU.ActiveCfg = Release|Any CPU
		{9B52C42F-08DF-4DFB-8FE6-8F11D9B150BE}.Release|Any CPU.Build.0 = Release|Any CPU
	EndGlobalSection
EndGlobal
